
Microsoft Visual Studio Solution File, Format Version 12.00
# Visual Studio Version 17
VisualStudioVersion = 17.9.34622.214
MinimumVisualStudioVersion = 10.0.40219.1
Project("{FAE04EC0-301F-11D3-BF4B-00C04F79EFBC}") = "WpfTest", "WpfTest.csproj", "{AE604416-65C3-4872-90B8-9437694C83C8}"
EndProject
Global
	GlobalSection(SolutionConfigurationPlatforms) = preSolution
		Debug|Any CPU = Debug|Any CPU
		Release|Any CPU = Release|Any CPU
	EndGlobalSection
	GlobalSection(ProjectConfigurationPlatforms) = postSolution
		{AE604416-65C3-4872-90B8-9437694C83C8}.Debug|Any CPU.ActiveCfg = Debug|Any CPU
		{AE604416-65C3-4872-90B8-9437694C83C8}.Debug|Any CPU.Build.0 = Debug|Any CPU
		{AE604416-65C3-4872-90B8-9437694C83C8}.Release|Any CPU.ActiveCfg = Release|Any CPU
		{AE604416-65C3-4872-90B8-9437694C83C8}.Release|Any CPU.Build.0 = Release|Any CPU
	EndGlobalSection
	GlobalSection(SolutionProperties) = preSolution
		HideSolutionNode = FALSE
	EndGlobalSection
	GlobalSection(ExtensibilityGlobals) = postSolution
		SolutionGuid = {070D422B-B914-4F98-AC66-C0B7D967D50D}
	EndGlobalSection
EndGlobal
